
Microsoft Visual Studio Solution File, Format Version 12.00
# Visual Studio Version 17
VisualStudioVersion = 17.3.32819.101
MinimumVisualStudioVersion = 10.0.40219.1
Project("{FAE04EC0-301F-11D3-BF4B-00C04F79EFBC}") = "SENAI---BACK-END", "SENAI---BACK-END\SENAI---BACK-END.csproj", "{AD0A829D-957E-4556-A568-F31A8E5C5FD3}"
EndProject
Global
	GlobalSection(SolutionConfigurationPlatforms) = preSolution
		Debug|Any CPU = Debug|Any CPU
		Release|Any CPU = Release|Any CPU
	EndGlobalSection
	GlobalSection(ProjectConfigurationPlatforms) = postSolution
		{AD0A829D-957E-4556-A568-F31A8E5C5FD3}.Debug|Any CPU.ActiveCfg = Debug|Any CPU
		{AD0A829D-957E-4556-A568-F31A8E5C5FD3}.Debug|Any CPU.Build.0 = Debug|Any CPU
		{AD0A829D-957E-4556-A568-F31A8E5C5FD3}.Release|Any CPU.ActiveCfg = Release|Any CPU
		{AD0A829D-957E-4556-A568-F31A8E5C5FD3}.Release|Any CPU.Build.0 = Release|Any CPU
	EndGlobalSection
	GlobalSection(SolutionProperties) = preSolution
		HideSolutionNode = FALSE
	EndGlobalSection
	GlobalSection(ExtensibilityGlobals) = postSolution
		SolutionGuid = {DF8852D6-E0E7-42EA-A4C7-DD9FC35153BE}
	EndGlobalSection
EndGlobal
